
Microsoft Visual Studio Solution File, Format Version 12.00
# Visual Studio Version 16
VisualStudioVersion = 16.0.32630.194
MinimumVisualStudioVersion = 10.0.40219.1
Project("{FAE04EC0-301F-11D3-BF4B-00C04F79EFBC}") = "Sayisal_Loto", "Sayisal_Loto\Sayisal_Loto.csproj", "{9EFD0C41-5585-4502-90DB-582EAF894326}"
EndProject
Global
	GlobalSection(SolutionConfigurationPlatforms) = preSolution
		Debug|Any CPU = Debug|Any CPU
		Release|Any CPU = Release|Any CPU
	EndGlobalSection
	GlobalSection(ProjectConfigurationPlatforms) = postSolution
		{9EFD0C41-5585-4502-90DB-582EAF894326}.Debug|Any CPU.ActiveCfg = Debug|Any CPU
		{9EFD0C41-5585-4502-90DB-582EAF894326}.Debug|Any CPU.Build.0 = Debug|Any CPU
		{9EFD0C41-5585-4502-90DB-582EAF894326}.Release|Any CPU.ActiveCfg = Release|Any CPU
		{9EFD0C41-5585-4502-90DB-582EAF894326}.Release|Any CPU.Build.0 = Release|Any CPU
	EndGlobalSection
	GlobalSection(SolutionProperties) = preSolution
		HideSolutionNode = FALSE
	EndGlobalSection
	GlobalSection(ExtensibilityGlobals) = postSolution
		SolutionGuid = {5194585B-60BF-46D0-B013-D4544DAAE5F4}
	EndGlobalSection
EndGlobal
